
Microsoft Visual Studio Solution File, Format Version 12.00
# Visual Studio Version 17
VisualStudioVersion = 17.14.36202.13 d17.14
MinimumVisualStudioVersion = 10.0.40219.1
Project("{FAE04EC0-301F-11D3-BF4B-00C04F79EFBC}") = "Conveiyor", "Conveiyor\Conveiyor.csproj", "{F3882E81-BB32-41C1-81F7-D4DC0C4BD1DF}"
EndProject
Global
	GlobalSection(SolutionConfigurationPlatforms) = preSolution
		Debug|Any CPU = Debug|Any CPU
		Release|Any CPU = Release|Any CPU
	EndGlobalSection
	GlobalSection(ProjectConfigurationPlatforms) = postSolution
		{F3882E81-BB32-41C1-81F7-D4DC0C4BD1DF}.Debug|Any CPU.ActiveCfg = Debug|Any CPU
		{F3882E81-BB32-41C1-81F7-D4DC0C4BD1DF}.Debug|Any CPU.Build.0 = Debug|Any CPU
		{F3882E81-BB32-41C1-81F7-D4DC0C4BD1DF}.Release|Any CPU.ActiveCfg = Release|Any CPU
		{F3882E81-BB32-41C1-81F7-D4DC0C4BD1DF}.Release|Any CPU.Build.0 = Release|Any CPU
	EndGlobalSection
	GlobalSection(SolutionProperties) = preSolution
		HideSolutionNode = FALSE
	EndGlobalSection
	GlobalSection(ExtensibilityGlobals) = postSolution
		SolutionGuid = {87D20138-B604-4D3E-B2DC-7EBCF530C480}
	EndGlobalSection
EndGlobal
